// !$*UTF8*$!
{
	archiveVersion = 1;
	classes = {
	};
	objectVersion = 46;
	objects = {

/* Begin PBXBuildFile section */
		0B022F48B6AEFDF199F23C20 /* libPods.a in Frameworks */ = {isa = PBXBuildFile; fileRef = D546C8B0C52411CFAFAE73B2 /* libPods.a */; };
		644414881C6AA94D006E8D36 /* MCSong+FMResultSet.m in Sources */ = {isa = PBXBuildFile; fileRef = 644414871C6AA94D006E8D36 /* MCSong+FMResultSet.m */; };
		6444148E1C6B2507006E8D36 /* MCSong.m in Sources */ = {isa = PBXBuildFile; fileRef = 6444148D1C6B2507006E8D36 /* MCSong.m */; };
		644414D61C6B7A67006E8D36 /* MusicClient.xcdatamodeld in Sources */ = {isa = PBXBuildFile; fileRef = 644414D41C6B7A67006E8D36 /* MusicClient.xcdatamodeld */; };
		64E886C01C69525C00B17731 /* MCTestViewController.m in Sources */ = {isa = PBXBuildFile; fileRef = 64E886BE1C69525C00B17731 /* MCTestViewController.m */; };
		64E886C11C69525C00B17731 /* MCTestViewController.xib in Resources */ = {isa = PBXBuildFile; fileRef = 64E886BF1C69525C00B17731 /* MCTestViewController.xib */; };
		64ED5D6D1C69221C007866EA /* main.m in Sources */ = {isa = PBXBuildFile; fileRef = 64ED5D6C1C69221C007866EA /* main.m */; };
		64ED5D701C69221C007866EA /* AppDelegate.m in Sources */ = {isa = PBXBuildFile; fileRef = 64ED5D6F1C69221C007866EA /* AppDelegate.m */; };
		64ED5D761C69221C007866EA /* Main.storyboard in Resources */ = {isa = PBXBuildFile; fileRef = 64ED5D741C69221C007866EA /* Main.storyboard */; };
		64ED5D781C69221C007866EA /* Assets.xcassets in Resources */ = {isa = PBXBuildFile; fileRef = 64ED5D771C69221C007866EA /* Assets.xcassets */; };
		64ED5D7B1C69221C007866EA /* LaunchScreen.storyboard in Resources */ = {isa = PBXBuildFile; fileRef = 64ED5D791C69221C007866EA /* LaunchScreen.storyboard */; };
		64ED5D8C1C692613007866EA /* MCNetworkingManager.m in Sources */ = {isa = PBXBuildFile; fileRef = 64ED5D8B1C692613007866EA /* MCNetworkingManager.m */; };
		64ED5D8F1C69262C007866EA /* MCDatabaseManager.m in Sources */ = {isa = PBXBuildFile; fileRef = 64ED5D8E1C69262C007866EA /* MCDatabaseManager.m */; };
		64ED5D931C6926E0007866EA /* MCSongCatalogViewController.m in Sources */ = {isa = PBXBuildFile; fileRef = 64ED5D911C6926E0007866EA /* MCSongCatalogViewController.m */; };
		64ED5D941C6926E0007866EA /* MCSongCatalogViewController.xib in Resources */ = {isa = PBXBuildFile; fileRef = 64ED5D921C6926E0007866EA /* MCSongCatalogViewController.xib */; };
		64ED5D9B1C692C94007866EA /* MCSplashScreenViewController.m in Sources */ = {isa = PBXBuildFile; fileRef = 64ED5D991C692C94007866EA /* MCSplashScreenViewController.m */; };
		64ED5D9C1C692C94007866EA /* MCSplashScreenViewController.xib in Resources */ = {isa = PBXBuildFile; fileRef = 64ED5D9A1C692C94007866EA /* MCSplashScreenViewController.xib */; };
		64ED5DA11C692E3F007866EA /* MCSongCollectionViewCell.m in Sources */ = {isa = PBXBuildFile; fileRef = 64ED5D9F1C692E3F007866EA /* MCSongCollectionViewCell.m */; };
		64ED5DA21C692E3F007866EA /* MCSongCollectionViewCell.xib in Resources */ = {isa = PBXBuildFile; fileRef = 64ED5DA01C692E3F007866EA /* MCSongCollectionViewCell.xib */; };
/* End PBXBuildFile section */

/* Begin PBXFileReference section */
		644414861C6AA94D006E8D36 /* MCSong+FMResultSet.h */ = {isa = PBXFileReference; fileEncoding = 4; lastKnownFileType = sourcecode.c.h; path = "MCSong+FMResultSet.h"; sourceTree = "<group>"; };
		644414871C6AA94D006E8D36 /* MCSong+FMResultSet.m */ = {isa = PBXFileReference; fileEncoding = 4; lastKnownFileType = sourcecode.c.objc; path = "MCSong+FMResultSet.m"; sourceTree = "<group>"; };
		6444148C1C6B2507006E8D36 /* MCSong.h */ = {isa = PBXFileReference; fileEncoding = 4; lastKnownFileType = sourcecode.c.h; path = MCSong.h; sourceTree = "<group>"; };
		6444148D1C6B2507006E8D36 /* MCSong.m */ = {isa = PBXFileReference; fileEncoding = 4; lastKnownFileType = sourcecode.c.objc; path = MCSong.m; sourceTree = "<group>"; };
		644414D51C6B7A67006E8D36 /* MusicClient.xcdatamodel */ = {isa = PBXFileReference; lastKnownFileType = wrapper.xcdatamodel; path = MusicClient.xcdatamodel; sourceTree = "<group>"; };
		64E886BD1C69525C00B17731 /* MCTestViewController.h */ = {isa = PBXFileReference; fileEncoding = 4; lastKnownFileType = sourcecode.c.h; path = MCTestViewController.h; sourceTree = "<group>"; };
		64E886BE1C69525C00B17731 /* MCTestViewController.m */ = {isa = PBXFileReference; fileEncoding = 4; lastKnownFileType = sourcecode.c.objc; path = MCTestViewController.m; sourceTree = "<group>"; };
		64E886BF1C69525C00B17731 /* MCTestViewController.xib */ = {isa = PBXFileReference; fileEncoding = 4; lastKnownFileType = file.xib; path = MCTestViewController.xib; sourceTree = "<group>"; };
		64ED5D681C69221C007866EA /* MusicClient.app */ = {isa = PBXFileReference; explicitFileType = wrapper.application; includeInIndex = 0; path = MusicClient.app; sourceTree = BUILT_PRODUCTS_DIR; };
		64ED5D6C1C69221C007866EA /* main.m */ = {isa = PBXFileReference; lastKnownFileType = sourcecode.c.objc; path = main.m; sourceTree = "<group>"; };
		64ED5D6E1C69221C007866EA /* AppDelegate.h */ = {isa = PBXFileReference; lastKnownFileType = sourcecode.c.h; path = AppDelegate.h; sourceTree = "<group>"; };
		64ED5D6F1C69221C007866EA /* AppDelegate.m */ = {isa = PBXFileReference; lastKnownFileType = sourcecode.c.objc; path = AppDelegate.m; sourceTree = "<group>"; };
		64ED5D751C69221C007866EA /* Base */ = {isa = PBXFileReference; lastKnownFileType = file.storyboard; name = Base; path = Base.lproj/Main.storyboard; sourceTree = "<group>"; };
		64ED5D771C69221C007866EA /* Assets.xcassets */ = {isa = PBXFileReference; lastKnownFileType = folder.assetcatalog; path = Assets.xcassets; sourceTree = "<group>"; };
		64ED5D7A1C69221C007866EA /* Base */ = {isa = PBXFileReference; lastKnownFileType = file.storyboard; name = Base; path = Base.lproj/LaunchScreen.storyboard; sourceTree = "<group>"; };
		64ED5D7C1C69221C007866EA /* Info.plist */ = {isa = PBXFileReference; lastKnownFileType = text.plist.xml; path = Info.plist; sourceTree = "<group>"; };
		64ED5D8A1C692613007866EA /* MCNetworkingManager.h */ = {isa = PBXFileReference; fileEncoding = 4; lastKnownFileType = sourcecode.c.h; path = MCNetworkingManager.h; sourceTree = "<group>"; };
		64ED5D8B1C692613007866EA /* MCNetworkingManager.m */ = {isa = PBXFileReference; fileEncoding = 4; lastKnownFileType = sourcecode.c.objc; path = MCNetworkingManager.m; sourceTree = "<group>"; };
		64ED5D8D1C69262C007866EA /* MCDatabaseManager.h */ = {isa = PBXFileReference; fileEncoding = 4; lastKnownFileType = sourcecode.c.h; path = MCDatabaseManager.h; sourceTree = "<group>"; };
		64ED5D8E1C69262C007866EA /* MCDatabaseManager.m */ = {isa = PBXFileReference; fileEncoding = 4; lastKnownFileType = sourcecode.c.objc; path = MCDatabaseManager.m; sourceTree = "<group>"; };
		64ED5D901C6926E0007866EA /* MCSongCatalogViewController.h */ = {isa = PBXFileReference; fileEncoding = 4; lastKnownFileType = sourcecode.c.h; path = MCSongCatalogViewController.h; sourceTree = "<group>"; };
		64ED5D911C6926E0007866EA /* MCSongCatalogViewController.m */ = {isa = PBXFileReference; fileEncoding = 4; lastKnownFileType = sourcecode.c.objc; path = MCSongCatalogViewController.m; sourceTree = "<group>"; };
		64ED5D921C6926E0007866EA /* MCSongCatalogViewController.xib */ = {isa = PBXFileReference; fileEncoding = 4; lastKnownFileType = file.xib; path = MCSongCatalogViewController.xib; sourceTree = "<group>"; };
		64ED5D981C692C94007866EA /* MCSplashScreenViewController.h */ = {isa = PBXFileReference; fileEncoding = 4; lastKnownFileType = sourcecode.c.h; path = MCSplashScreenViewController.h; sourceTree = "<group>"; };
		64ED5D991C692C94007866EA /* MCSplashScreenViewController.m */ = {isa = PBXFileReference; fileEncoding = 4; lastKnownFileType = sourcecode.c.objc; path = MCSplashScreenViewController.m; sourceTree = "<group>"; };
		64ED5D9A1C692C94007866EA /* MCSplashScreenViewController.xib */ = {isa = PBXFileReference; fileEncoding = 4; lastKnownFileType = file.xib; path = MCSplashScreenViewController.xib; sourceTree = "<group>"; };
		64ED5D9E1C692E3F007866EA /* MCSongCollectionViewCell.h */ = {isa = PBXFileReference; fileEncoding = 4; lastKnownFileType = sourcecode.c.h; path = MCSongCollectionViewCell.h; sourceTree = "<group>"; };
		64ED5D9F1C692E3F007866EA /* MCSongCollectionViewCell.m */ = {isa = PBXFileReference; fileEncoding = 4; lastKnownFileType = sourcecode.c.objc; path = MCSongCollectionViewCell.m; sourceTree = "<group>"; };
		64ED5DA01C692E3F007866EA /* MCSongCollectionViewCell.xib */ = {isa = PBXFileReference; fileEncoding = 4; lastKnownFileType = file.xib; path = MCSongCollectionViewCell.xib; sourceTree = "<group>"; };
		C36378EEC31DE6D41A7ED6E1 /* Pods.debug.xcconfig */ = {isa = PBXFileReference; includeInIndex = 1; lastKnownFileType = text.xcconfig; name = Pods.debug.xcconfig; path = "Pods/Target Support Files/Pods/Pods.debug.xcconfig"; sourceTree = "<group>"; };
		D546C8B0C52411CFAFAE73B2 /* libPods.a */ = {isa = PBXFileReference; explicitFileType = archive.ar; includeInIndex = 0; path = libPods.a; sourceTree = BUILT_PRODUCTS_DIR; };
		F807867C52DB53B9B61BCBE8 /* Pods.release.xcconfig */ = {isa = PBXFileReference; includeInIndex = 1; lastKnownFileType = text.xcconfig; name = Pods.release.xcconfig; path = "Pods/Target Support Files/Pods/Pods.release.xcconfig"; sourceTree = "<group>"; };
/* End PBXFileReference section */

/* Begin PBXFrameworksBuildPhase section */
		64ED5D651C69221C007866EA /* Frameworks */ = {
			isa = PBXFrameworksBuildPhase;
			buildActionMask = 2147483647;
			files = (
				0B022F48B6AEFDF199F23C20 /* libPods.a in Frameworks */,
			);
			runOnlyForDeploymentPostprocessing = 0;
		};
/* End PBXFrameworksBuildPhase section */

/* Begin PBXGroup section */
		644414821C6AA8DD006E8D36 /* Extension */ = {
			isa = PBXGroup;
			children = (
				644414861C6AA94D006E8D36 /* MCSong+FMResultSet.h */,
				644414871C6AA94D006E8D36 /* MCSong+FMResultSet.m */,
			);
			name = Extension;
			sourceTree = "<group>";
		};
		64ED5D5F1C69221C007866EA = {
			isa = PBXGroup;
			children = (
				64ED5D6A1C69221C007866EA /* MusicClient */,
				64ED5D691C69221C007866EA /* Products */,
				82F050ECC43BB6579C931B1D /* Pods */,
				80843EA009ED5066BA804ED4 /* Frameworks */,
			);
			sourceTree = "<group>";
		};
		64ED5D691C69221C007866EA /* Products */ = {
			isa = PBXGroup;
			children = (
				64ED5D681C69221C007866EA /* MusicClient.app */,
			);
			name = Products;
			sourceTree = "<group>";
		};
		64ED5D6A1C69221C007866EA /* MusicClient */ = {
			isa = PBXGroup;
			children = (
				64ED5D891C6925E5007866EA /* Networking */,
				64ED5D881C6925DF007866EA /* DB */,
				64ED5D871C692504007866EA /* AppDelegate */,
				64ED5D841C692434007866EA /* VC */,
				64ED5D9D1C692DC1007866EA /* Collection View Cell */,
				64ED5D821C6923FF007866EA /* Models */,
				644414821C6AA8DD006E8D36 /* Extension */,
				64ED5D851C69244A007866EA /* UI */,
				64ED5D831C692420007866EA /* Utility */,
				64ED5D861C6924B7007866EA /* Resources */,
				64ED5D6B1C69221C007866EA /* Supporting Files */,
			);
			path = MusicClient;
			sourceTree = "<group>";
		};
		64ED5D6B1C69221C007866EA /* Supporting Files */ = {
			isa = PBXGroup;
			children = (
				64ED5D7C1C69221C007866EA /* Info.plist */,
				64ED5D6C1C69221C007866EA /* main.m */,
			);
			name = "Supporting Files";
			sourceTree = "<group>";
		};
		64ED5D821C6923FF007866EA /* Models */ = {
			isa = PBXGroup;
			children = (
				6444148C1C6B2507006E8D36 /* MCSong.h */,
				6444148D1C6B2507006E8D36 /* MCSong.m */,
			);
			name = Models;
			sourceTree = "<group>";
		};
		64ED5D831C692420007866EA /* Utility */ = {
			isa = PBXGroup;
			children = (
			);
			name = Utility;
			sourceTree = "<group>";
		};
		64ED5D841C692434007866EA /* VC */ = {
			isa = PBXGroup;
			children = (
				64ED5D901C6926E0007866EA /* MCSongCatalogViewController.h */,
				64E886BD1C69525C00B17731 /* MCTestViewController.h */,
				64E886BE1C69525C00B17731 /* MCTestViewController.m */,
				64E886BF1C69525C00B17731 /* MCTestViewController.xib */,
				64ED5D911C6926E0007866EA /* MCSongCatalogViewController.m */,
				64ED5D921C6926E0007866EA /* MCSongCatalogViewController.xib */,
				64ED5D981C692C94007866EA /* MCSplashScreenViewController.h */,
				64ED5D991C692C94007866EA /* MCSplashScreenViewController.m */,
				64ED5D9A1C692C94007866EA /* MCSplashScreenViewController.xib */,
			);
			name = VC;
			sourceTree = "<group>";
		};
		64ED5D851C69244A007866EA /* UI */ = {
			isa = PBXGroup;
			children = (
				64ED5D741C69221C007866EA /* Main.storyboard */,
				64ED5D791C69221C007866EA /* LaunchScreen.storyboard */,
			);
			name = UI;
			sourceTree = "<group>";
		};
		64ED5D861C6924B7007866EA /* Resources */ = {
			isa = PBXGroup;
			children = (
				64ED5D771C69221C007866EA /* Assets.xcassets */,
				644414D41C6B7A67006E8D36 /* MusicClient.xcdatamodeld */,
			);
			name = Resources;
			sourceTree = "<group>";
		};
		64ED5D871C692504007866EA /* AppDelegate */ = {
			isa = PBXGroup;
			children = (
				64ED5D6E1C69221C007866EA /* AppDelegate.h */,
				64ED5D6F1C69221C007866EA /* AppDelegate.m */,
			);
			name = AppDelegate;
			sourceTree = "<group>";
		};
		64ED5D881C6925DF007866EA /* DB */ = {
			isa = PBXGroup;
			children = (
				64ED5D8D1C69262C007866EA /* MCDatabaseManager.h */,
				64ED5D8E1C69262C007866EA /* MCDatabaseManager.m */,
			);
			name = DB;
			sourceTree = "<group>";
		};
		64ED5D891C6925E5007866EA /* Networking */ = {
			isa = PBXGroup;
			children = (
				64ED5D8A1C692613007866EA /* MCNetworkingManager.h */,
				64ED5D8B1C692613007866EA /* MCNetworkingManager.m */,
			);
			name = Networking;
			sourceTree = "<group>";
		};
		64ED5D9D1C692DC1007866EA /* Collection View Cell */ = {
			isa = PBXGroup;
			children = (
				64ED5D9E1C692E3F007866EA /* MCSongCollectionViewCell.h */,
				64ED5D9F1C692E3F007866EA /* MCSongCollectionViewCell.m */,
				64ED5DA01C692E3F007866EA /* MCSongCollectionViewCell.xib */,
			);
			name = "Collection View Cell";
			sourceTree = "<group>";
		};
		80843EA009ED5066BA804ED4 /* Frameworks */ = {
			isa = PBXGroup;
			children = (
				D546C8B0C52411CFAFAE73B2 /* libPods.a */,
			);
			name = Frameworks;
			sourceTree = "<group>";
		};
		82F050ECC43BB6579C931B1D /* Pods */ = {
			isa = PBXGroup;
			children = (
				C36378EEC31DE6D41A7ED6E1 /* Pods.debug.xcconfig */,
				F807867C52DB53B9B61BCBE8 /* Pods.release.xcconfig */,
			);
			name = Pods;
			sourceTree = "<group>";
		};
/* End PBXGroup section */

/* Begin PBXNativeTarget section */
		64ED5D671C69221C007866EA /* MusicClient */ = {
			isa = PBXNativeTarget;
			buildConfigurationList = 64ED5D7F1C69221C007866EA /* Build configuration list for PBXNativeTarget "MusicClient" */;
			buildPhases = (
				C10F3781990776E99CDB9608 /* Check Pods Manifest.lock */,
				64ED5D641C69221C007866EA /* Sources */,
				64ED5D651C69221C007866EA /* Frameworks */,
				64ED5D661C69221C007866EA /* Resources */,
				D92764E7399BBD5031BCE2B8 /* Copy Pods Resources */,
			);
			buildRules = (
			);
			dependencies = (
			);
			name = MusicClient;
			productName = MusicClient;
			productReference = 64ED5D681C69221C007866EA /* MusicClient.app */;
			productType = "com.apple.product-type.application";
		};
/* End PBXNativeTarget section */

/* Begin PBXProject section */
		64ED5D601C69221C007866EA /* Project object */ = {
			isa = PBXProject;
			attributes = {
				CLASSPREFIX = MC;
				LastUpgradeCheck = 0720;
				ORGANIZATIONNAME = "Sergey Salnikov";
				TargetAttributes = {
					64ED5D671C69221C007866EA = {
						CreatedOnToolsVersion = 7.2;
					};
				};
			};
			buildConfigurationList = 64ED5D631C69221C007866EA /* Build configuration list for PBXProject "MusicClient" */;
			compatibilityVersion = "Xcode 3.2";
			developmentRegion = English;
			hasScannedForEncodings = 0;
			knownRegions = (
				en,
				Base,
			);
			mainGroup = 64ED5D5F1C69221C007866EA;
			productRefGroup = 64ED5D691C69221C007866EA /* Products */;
			projectDirPath = "";
			projectRoot = "";
			targets = (
				64ED5D671C69221C007866EA /* MusicClient */,
			);
		};
/* End PBXProject section */

/* Begin PBXResourcesBuildPhase section */
		64ED5D661C69221C007866EA /* Resources */ = {
			isa = PBXResourcesBuildPhase;
			buildActionMask = 2147483647;
			files = (
				64ED5D7B1C69221C007866EA /* LaunchScreen.storyboard in Resources */,
				64ED5D941C6926E0007866EA /* MCSongCatalogViewController.xib in Resources */,
				64ED5D9C1C692C94007866EA /* MCSplashScreenViewController.xib in Resources */,
				64ED5D781C69221C007866EA /* Assets.xcassets in Resources */,
				64ED5D761C69221C007866EA /* Main.storyboard in Resources */,
				64ED5DA21C692E3F007866EA /* MCSongCollectionViewCell.xib in Resources */,
				64E886C11C69525C00B17731 /* MCTestViewController.xib in Resources */,
			);
			runOnlyForDeploymentPostprocessing = 0;
		};
/* End PBXResourcesBuildPhase section */

/* Begin PBXShellScriptBuildPhase section */
		C10F3781990776E99CDB9608 /* Check Pods Manifest.lock */ = {
			isa = PBXShellScriptBuildPhase;
			buildActionMask = 2147483647;
			files = (
			);
			inputPaths = (
			);
			name = "Check Pods Manifest.lock";
			outputPaths = (
			);
			runOnlyForDeploymentPostprocessing = 0;
			shellPath = /bin/sh;
			shellScript = "diff \"${PODS_ROOT}/../Podfile.lock\" \"${PODS_ROOT}/Manifest.lock\" > /dev/null\nif [[ $? != 0 ]] ; then\n    cat << EOM\nerror: The sandbox is not in sync with the Podfile.lock. Run 'pod install' or update your CocoaPods installation.\nEOM\n    exit 1\nfi\n";
			showEnvVarsInLog = 0;
		};
		D92764E7399BBD5031BCE2B8 /* Copy Pods Resources */ = {
			isa = PBXShellScriptBuildPhase;
			buildActionMask = 2147483647;
			files = (
			);
			inputPaths = (
			);
			name = "Copy Pods Resources";
			outputPaths = (
			);
			runOnlyForDeploymentPostprocessing = 0;
			shellPath = /bin/sh;
			shellScript = "\"${SRCROOT}/Pods/Target Support Files/Pods/Pods-resources.sh\"\n";
			showEnvVarsInLog = 0;
		};
/* End PBXShellScriptBuildPhase section */

/* Begin PBXSourcesBuildPhase section */
		64ED5D641C69221C007866EA /* Sources */ = {
			isa = PBXSourcesBuildPhase;
			buildActionMask = 2147483647;
			files = (
				64ED5D931C6926E0007866EA /* MCSongCatalogViewController.m in Sources */,
				64ED5D701C69221C007866EA /* AppDelegate.m in Sources */,
				64ED5DA11C692E3F007866EA /* MCSongCollectionViewCell.m in Sources */,
				6444148E1C6B2507006E8D36 /* MCSong.m in Sources */,
				64ED5D9B1C692C94007866EA /* MCSplashScreenViewController.m in Sources */,
				64ED5D8F1C69262C007866EA /* MCDatabaseManager.m in Sources */,
				64E886C01C69525C00B17731 /* MCTestViewController.m in Sources */,
				64ED5D6D1C69221C007866EA /* main.m in Sources */,
				644414D61C6B7A67006E8D36 /* MusicClient.xcdatamodeld in Sources */,
				64ED5D8C1C692613007866EA /* MCNetworkingManager.m in Sources */,
				644414881C6AA94D006E8D36 /* MCSong+FMResultSet.m in Sources */,
			);
			runOnlyForDeploymentPostprocessing = 0;
		};
/* End PBXSourcesBuildPhase section */

/* Begin PBXVariantGroup section */
		64ED5D741C69221C007866EA /* Main.storyboard */ = {
			isa = PBXVariantGroup;
			children = (
				64ED5D751C69221C007866EA /* Base */,
			);
			name = Main.storyboard;
			sourceTree = "<group>";
		};
		64ED5D791C69221C007866EA /* LaunchScreen.storyboard */ = {
			isa = PBXVariantGroup;
			children = (
				64ED5D7A1C69221C007866EA /* Base */,
			);
			name = LaunchScreen.storyboard;
			sourceTree = "<group>";
		};
/* End PBXVariantGroup section */

/* Begin XCBuildConfiguration section */
		64ED5D7D1C69221C007866EA /* Debug */ = {
			isa = XCBuildConfiguration;
			buildSettings = {
				ALWAYS_SEARCH_USER_PATHS = NO;
				CLANG_CXX_LANGUAGE_STANDARD = "gnu++0x";
				CLANG_CXX_LIBRARY = "libc++";
				CLANG_ENABLE_MODULES = YES;
				CLANG_ENABLE_OBJC_ARC = YES;
				CLANG_WARN_BOOL_CONVERSION = YES;
				CLANG_WARN_CONSTANT_CONVERSION = YES;
				CLANG_WARN_DIRECT_OBJC_ISA_USAGE = YES_ERROR;
				CLANG_WARN_EMPTY_BODY = YES;
				CLANG_WARN_ENUM_CONVERSION = YES;
				CLANG_WARN_INT_CONVERSION = YES;
				CLANG_WARN_OBJC_ROOT_CLASS = YES_ERROR;
				CLANG_WARN_UNREACHABLE_CODE = YES;
				CLANG_WARN__DUPLICATE_METHOD_MATCH = YES;
				"CODE_SIGN_IDENTITY[sdk=iphoneos*]" = "iPhone Developer";
				COPY_PHASE_STRIP = NO;
				DEBUG_INFORMATION_FORMAT = dwarf;
				ENABLE_STRICT_OBJC_MSGSEND = YES;
				ENABLE_TESTABILITY = YES;
				GCC_C_LANGUAGE_STANDARD = gnu99;
				GCC_DYNAMIC_NO_PIC = NO;
				GCC_NO_COMMON_BLOCKS = YES;
				GCC_OPTIMIZATION_LEVEL = 0;
				GCC_PREPROCESSOR_DEFINITIONS = (
					"DEBUG=1",
					"$(inherited)",
				);
				GCC_WARN_64_TO_32_BIT_CONVERSION = YES;
				GCC_WARN_ABOUT_RETURN_TYPE = YES_ERROR;
				GCC_WARN_UNDECLARED_SELECTOR = YES;
				GCC_WARN_UNINITIALIZED_AUTOS = YES_AGGRESSIVE;
				GCC_WARN_UNUSED_FUNCTION = YES;
				GCC_WARN_UNUSED_VARIABLE = YES;
				IPHONEOS_DEPLOYMENT_TARGET = 9.2;
				MTL_ENABLE_DEBUG_INFO = YES;
				ONLY_ACTIVE_ARCH = YES;
				SDKROOT = iphoneos;
				TARGETED_DEVICE_FAMILY = "1,2";
			};
			name = Debug;
		};
		64ED5D7E1C69221C007866EA /* Release */ = {
			isa = XCBuildConfiguration;
			buildSettings = {
				ALWAYS_SEARCH_USER_PATHS = NO;
				CLANG_CXX_LANGUAGE_STANDARD = "gnu++0x";
				CLANG_CXX_LIBRARY = "libc++";
				CLANG_ENABLE_MODULES = YES;
				CLANG_ENABLE_OBJC_ARC = YES;
				CLANG_WARN_BOOL_CONVERSION = YES;
				CLANG_WARN_CONSTANT_CONVERSION = YES;
				CLANG_WARN_DIRECT_OBJC_ISA_USAGE = YES_ERROR;
				CLANG_WARN_EMPTY_BODY = YES;
				CLANG_WARN_ENUM_CONVERSION = YES;
				CLANG_WARN_INT_CONVERSION = YES;
				CLANG_WARN_OBJC_ROOT_CLASS = YES_ERROR;
				CLANG_WARN_UNREACHABLE_CODE = YES;
				CLANG_WARN__DUPLICATE_METHOD_MATCH = YES;
				"CODE_SIGN_IDENTITY[sdk=iphoneos*]" = "iPhone Developer";
				COPY_PHASE_STRIP = NO;
				DEBUG_INFORMATION_FORMAT = "dwarf-with-dsym";
				ENABLE_NS_ASSERTIONS = NO;
				ENABLE_STRICT_OBJC_MSGSEND = YES;
				GCC_C_LANGUAGE_STANDARD = gnu99;
				GCC_NO_COMMON_BLOCKS = YES;
				GCC_WARN_64_TO_32_BIT_CONVERSION = YES;
				GCC_WARN_ABOUT_RETURN_TYPE = YES_ERROR;
				GCC_WARN_UNDECLARED_SELECTOR = YES;
				GCC_WARN_UNINITIALIZED_AUTOS = YES_AGGRESSIVE;
				GCC_WARN_UNUSED_FUNCTION = YES;
				GCC_WARN_UNUSED_VARIABLE = YES;
				IPHONEOS_DEPLOYMENT_TARGET = 9.2;
				MTL_ENABLE_DEBUG_INFO = NO;
				SDKROOT = iphoneos;
				TARGETED_DEVICE_FAMILY = "1,2";
				VALIDATE_PRODUCT = YES;
			};
			name = Release;
		};
		64ED5D801C69221C007866EA /* Debug */ = {
			isa = XCBuildConfiguration;
			baseConfigurationReference = C36378EEC31DE6D41A7ED6E1 /* Pods.debug.xcconfig */;
			buildSettings = {
				ASSETCATALOG_COMPILER_APPICON_NAME = AppIcon;
				INFOPLIST_FILE = MusicClient/Info.plist;
				IPHONEOS_DEPLOYMENT_TARGET = 9.0;
				LD_RUNPATH_SEARCH_PATHS = "$(inherited) @executable_path/Frameworks";
				PRODUCT_BUNDLE_IDENTIFIER = com.rockstars.MusicClient;
				PRODUCT_NAME = "$(TARGET_NAME)";
			};
			name = Debug;
		};
		64ED5D811C69221C007866EA /* Release */ = {
			isa = XCBuildConfiguration;
			baseConfigurationReference = F807867C52DB53B9B61BCBE8 /* Pods.release.xcconfig */;
			buildSettings = {
				ASSETCATALOG_COMPILER_APPICON_NAME = AppIcon;
				INFOPLIST_FILE = MusicClient/Info.plist;
				IPHONEOS_DEPLOYMENT_TARGET = 9.0;
				LD_RUNPATH_SEARCH_PATHS = "$(inherited) @executable_path/Frameworks";
				PRODUCT_BUNDLE_IDENTIFIER = com.rockstars.MusicClient;
				PRODUCT_NAME = "$(TARGET_NAME)";
			};
			name = Release;
		};
/* End XCBuildConfiguration section */

/* Begin XCConfigurationList section */
		64ED5D631C69221C007866EA /* Build configuration list for PBXProject "MusicClient" */ = {
			isa = XCConfigurationList;
			buildConfigurations = (
				64ED5D7D1C69221C007866EA /* Debug */,
				64ED5D7E1C69221C007866EA /* Release */,
			);
			defaultConfigurationIsVisible = 0;
			defaultConfigurationName = Release;
		};
		64ED5D7F1C69221C007866EA /* Build configuration list for PBXNativeTarget "MusicClient" */ = {
			isa = XCConfigurationList;
			buildConfigurations = (
				64ED5D801C69221C007866EA /* Debug */,
				64ED5D811C69221C007866EA /* Release */,
			);
			defaultConfigurationIsVisible = 0;
			defaultConfigurationName = Release;
		};
/* End XCConfigurationList section */

/* Begin XCVersionGroup section */
		644414D41C6B7A67006E8D36 /* MusicClient.xcdatamodeld */ = {
			isa = XCVersionGroup;
			children = (
				644414D51C6B7A67006E8D36 /* MusicClient.xcdatamodel */,
			);
			currentVersion = 644414D51C6B7A67006E8D36 /* MusicClient.xcdatamodel */;
			path = MusicClient.xcdatamodeld;
			sourceTree = "<group>";
			versionGroupType = wrapper.xcdatamodel;
		};
/* End XCVersionGroup section */
	};
	rootObject = 64ED5D601C69221C007866EA /* Project object */;
}
